{
  "name": "start-up-box",
  "version": "1.0.0",
  "lockfileVersion": 3,
  "requires": true,
  "packages": {
    "": {
      "name": "start-up-box",
      "version": "1.0.0",
      "license": "MIT",
      "devDependencies": {
        "notes-backlog": "github:oscardcstudio-cell/notes-backlog#9e7fcb0"
      },
      "engines": {
        "node": ">=18"
      }
    },
    "node_modules/notes-backlog": {
      "version": "1.6.0",
      "resolved": "git+ssh://git@github.com/oscardcstudio-cell/notes-backlog.git#9e7fcb0f3cf45c1c332639ece513afba5f7d6aba",
      "dev": true,
      "license": "MIT",
      "bin": {
        "notes-audit": "src/audit/audit.js",
        "notes-coverage": "src/coverage/coverage.js",
        "notes-drain": "src/drain/drainNotes.js"
      },
      "peerDependencies": {
        "express": ">=4",
        "react": ">=17"
      },
      "peerDependenciesMeta": {
        "express": {
          "optional": true
        },
        "react": {
          "optional": true
        }
      }
    }
  }
}
